
Microsoft Visual Studio Solution File, Format Version 12.00
# Visual Studio Version 17
VisualStudioVersion = 17.5.33424.131
MinimumVisualStudioVersion = 10.0.40219.1
Project("{9A19103F-16F7-4668-BE54-9A1E7A4F7556}") = "Homework_Class07", "Homework_Class07.csproj", "{7B8D6331-276B-499D-B155-D76CBA4EAEF1}"
	ProjectSection(ProjectDependencies) = postProject
		{6CA46342-64DD-4E88-89CE-62FD37E491A5} = {6CA46342-64DD-4E88-89CE-62FD37E491A5}
	EndProjectSection
EndProject
Project("{9A19103F-16F7-4668-BE54-9A1E7A4F7556}") = "Models", "..\Models\Models.csproj", "{6CA46342-64DD-4E88-89CE-62FD37E491A5}"
EndProject
Global
	GlobalSection(SolutionConfigurationPlatforms) = preSolution
		Debug|Any CPU = Debug|Any CPU
		Release|Any CPU = Release|Any CPU
	EndGlobalSection
	GlobalSection(ProjectConfigurationPlatforms) = postSolution
		{7B8D6331-276B-499D-B155-D76CBA4EAEF1}.Debug|Any CPU.ActiveCfg = Debug|Any CPU
		{7B8D6331-276B-499D-B155-D76CBA4EAEF1}.Debug|Any CPU.Build.0 = Debug|Any CPU
		{7B8D6331-276B-499D-B155-D76CBA4EAEF1}.Release|Any CPU.ActiveCfg = Release|Any CPU
		{7B8D6331-276B-499D-B155-D76CBA4EAEF1}.Release|Any CPU.Build.0 = Release|Any CPU
		{6CA46342-64DD-4E88-89CE-62FD37E491A5}.Debug|Any CPU.ActiveCfg = Debug|Any CPU
		{6CA46342-64DD-4E88-89CE-62FD37E491A5}.Debug|Any CPU.Build.0 = Debug|Any CPU
		{6CA46342-64DD-4E88-89CE-62FD37E491A5}.Release|Any CPU.ActiveCfg = Release|Any CPU
		{6CA46342-64DD-4E88-89CE-62FD37E491A5}.Release|Any CPU.Build.0 = Release|Any CPU
	EndGlobalSection
	GlobalSection(SolutionProperties) = preSolution
		HideSolutionNode = FALSE
	EndGlobalSection
	GlobalSection(ExtensibilityGlobals) = postSolution
		SolutionGuid = {E7C13478-A395-43C5-AA90-7FCB92921BA0}
	EndGlobalSection
EndGlobal
