
Microsoft Visual Studio Solution File, Format Version 12.00
# Visual Studio Version 17
VisualStudioVersion = 17.5.33424.131
MinimumVisualStudioVersion = 10.0.40219.1
Project("{FAE04EC0-301F-11D3-BF4B-00C04F79EFBC}") = "Exercise06HW", "Exercise06HW.csproj", "{4CBF6053-BFB0-418C-A37B-B823D7BA736E}"
EndProject
Global
	GlobalSection(SolutionConfigurationPlatforms) = preSolution
		Debug|Any CPU = Debug|Any CPU
		Release|Any CPU = Release|Any CPU
	EndGlobalSection
	GlobalSection(ProjectConfigurationPlatforms) = postSolution
		{4CBF6053-BFB0-418C-A37B-B823D7BA736E}.Debug|Any CPU.ActiveCfg = Debug|Any CPU
		{4CBF6053-BFB0-418C-A37B-B823D7BA736E}.Debug|Any CPU.Build.0 = Debug|Any CPU
		{4CBF6053-BFB0-418C-A37B-B823D7BA736E}.Release|Any CPU.ActiveCfg = Release|Any CPU
		{4CBF6053-BFB0-418C-A37B-B823D7BA736E}.Release|Any CPU.Build.0 = Release|Any CPU
	EndGlobalSection
	GlobalSection(SolutionProperties) = preSolution
		HideSolutionNode = FALSE
	EndGlobalSection
	GlobalSection(ExtensibilityGlobals) = postSolution
		SolutionGuid = {5616C5F5-5EF2-4093-8B6A-56EE2F4642DF}
	EndGlobalSection
EndGlobal
