
Microsoft Visual Studio Solution File, Format Version 12.00
# Visual Studio Version 17
VisualStudioVersion = 17.5.33424.131
MinimumVisualStudioVersion = 10.0.40219.1
Project("{FAE04EC0-301F-11D3-BF4B-00C04F79EFBC}") = "Class05_Task2HW", "Class05_Task2HW.csproj", "{42CB9CBA-3455-4203-9E12-F47D966870AA}"
EndProject
Global
	GlobalSection(SolutionConfigurationPlatforms) = preSolution
		Debug|Any CPU = Debug|Any CPU
		Release|Any CPU = Release|Any CPU
	EndGlobalSection
	GlobalSection(ProjectConfigurationPlatforms) = postSolution
		{42CB9CBA-3455-4203-9E12-F47D966870AA}.Debug|Any CPU.ActiveCfg = Debug|Any CPU
		{42CB9CBA-3455-4203-9E12-F47D966870AA}.Debug|Any CPU.Build.0 = Debug|Any CPU
		{42CB9CBA-3455-4203-9E12-F47D966870AA}.Release|Any CPU.ActiveCfg = Release|Any CPU
		{42CB9CBA-3455-4203-9E12-F47D966870AA}.Release|Any CPU.Build.0 = Release|Any CPU
	EndGlobalSection
	GlobalSection(SolutionProperties) = preSolution
		HideSolutionNode = FALSE
	EndGlobalSection
	GlobalSection(ExtensibilityGlobals) = postSolution
		SolutionGuid = {C5F0493F-C88A-4901-A5EB-F023917573B6}
	EndGlobalSection
EndGlobal
