
Microsoft Visual Studio Solution File, Format Version 12.00
# Visual Studio Version 17
VisualStudioVersion = 17.5.33424.131
MinimumVisualStudioVersion = 10.0.40219.1
Project("{FAE04EC0-301F-11D3-BF4B-00C04F79EFBC}") = "Class04HW_Bonus", "Class04HW_Bonus.csproj", "{EBFCCC14-0264-4ED1-8E96-DAEB6D618726}"
EndProject
Global
	GlobalSection(SolutionConfigurationPlatforms) = preSolution
		Debug|Any CPU = Debug|Any CPU
		Release|Any CPU = Release|Any CPU
	EndGlobalSection
	GlobalSection(ProjectConfigurationPlatforms) = postSolution
		{EBFCCC14-0264-4ED1-8E96-DAEB6D618726}.Debug|Any CPU.ActiveCfg = Debug|Any CPU
		{EBFCCC14-0264-4ED1-8E96-DAEB6D618726}.Debug|Any CPU.Build.0 = Debug|Any CPU
		{EBFCCC14-0264-4ED1-8E96-DAEB6D618726}.Release|Any CPU.ActiveCfg = Release|Any CPU
		{EBFCCC14-0264-4ED1-8E96-DAEB6D618726}.Release|Any CPU.Build.0 = Release|Any CPU
	EndGlobalSection
	GlobalSection(SolutionProperties) = preSolution
		HideSolutionNode = FALSE
	EndGlobalSection
	GlobalSection(ExtensibilityGlobals) = postSolution
		SolutionGuid = {44AC050E-2B86-4430-B350-B6140E1138CD}
	EndGlobalSection
EndGlobal
