
Microsoft Visual Studio Solution File, Format Version 12.00
# Visual Studio Version 17
VisualStudioVersion = 17.5.33424.131
MinimumVisualStudioVersion = 10.0.40219.1
Project("{FAE04EC0-301F-11D3-BF4B-00C04F79EFBC}") = "Class06_ATM_HW", "Class06_ATM_HW.csproj", "{B201279A-0F3F-4C40-B3FD-22A4D4E9CB56}"
EndProject
Global
	GlobalSection(SolutionConfigurationPlatforms) = preSolution
		Debug|Any CPU = Debug|Any CPU
		Release|Any CPU = Release|Any CPU
	EndGlobalSection
	GlobalSection(ProjectConfigurationPlatforms) = postSolution
		{B201279A-0F3F-4C40-B3FD-22A4D4E9CB56}.Debug|Any CPU.ActiveCfg = Debug|Any CPU
		{B201279A-0F3F-4C40-B3FD-22A4D4E9CB56}.Debug|Any CPU.Build.0 = Debug|Any CPU
		{B201279A-0F3F-4C40-B3FD-22A4D4E9CB56}.Release|Any CPU.ActiveCfg = Release|Any CPU
		{B201279A-0F3F-4C40-B3FD-22A4D4E9CB56}.Release|Any CPU.Build.0 = Release|Any CPU
	EndGlobalSection
	GlobalSection(SolutionProperties) = preSolution
		HideSolutionNode = FALSE
	EndGlobalSection
	GlobalSection(ExtensibilityGlobals) = postSolution
		SolutionGuid = {747839D9-00C2-41F6-892F-5B1AB6BEA3A2}
	EndGlobalSection
EndGlobal
